// !$*UTF8*$!
{
	archiveVersion = 1;
	classes = {
	};
	objectVersion = 56;
	objects = {

/* Begin PBXBuildFile section */
		53BB39F24C804BE2B7EDFB17 /* Pods_ExampleGoogleAdmobTests.framework in Frameworks */ = {isa = PBXBuildFile; fileRef = 6217041F61185F910A2EBEE9 /* Pods_ExampleGoogleAdmobTests.framework */; };
		82C2B6687B6CCD9388AD4626 /* Pods_ExampleGoogleAdmob_ExampleGoogleAdmobUITests.framework in Frameworks */ = {isa = PBXBuildFile; fileRef = 7C0E7EEC12BDC6884B1EBEF2 /* Pods_ExampleGoogleAdmob_ExampleGoogleAdmobUITests.framework */; };
		D2F165992BA174F100F811A2 /* AppDelegate.swift in Sources */ = {isa = PBXBuildFile; fileRef = D2F165982BA174F100F811A2 /* AppDelegate.swift */; };
		D2F1659B2BA174F100F811A2 /* SceneDelegate.swift in Sources */ = {isa = PBXBuildFile; fileRef = D2F1659A2BA174F100F811A2 /* SceneDelegate.swift */; };
		D2F1659D2BA174F100F811A2 /* ViewController.swift in Sources */ = {isa = PBXBuildFile; fileRef = D2F1659C2BA174F100F811A2 /* ViewController.swift */; };
		D2F165A02BA174F100F811A2 /* Main.storyboard in Resources */ = {isa = PBXBuildFile; fileRef = D2F1659E2BA174F100F811A2 /* Main.storyboard */; };
		D2F165A22BA1750000F811A2 /* Assets.xcassets in Resources */ = {isa = PBXBuildFile; fileRef = D2F165A12BA1750000F811A2 /* Assets.xcassets */; };
		D2F165A52BA1750000F811A2 /* LaunchScreen.storyboard in Resources */ = {isa = PBXBuildFile; fileRef = D2F165A32BA1750000F811A2 /* LaunchScreen.storyboard */; };
		D2F165B02BA1750000F811A2 /* ExampleGoogleAdmobTests.swift in Sources */ = {isa = PBXBuildFile; fileRef = D2F165AF2BA1750000F811A2 /* ExampleGoogleAdmobTests.swift */; };
		D2F165BA2BA1750000F811A2 /* ExampleGoogleAdmobUITests.swift in Sources */ = {isa = PBXBuildFile; fileRef = D2F165B92BA1750000F811A2 /* ExampleGoogleAdmobUITests.swift */; };
		D2F165BC2BA1750000F811A2 /* ExampleGoogleAdmobUITestsLaunchTests.swift in Sources */ = {isa = PBXBuildFile; fileRef = D2F165BB2BA1750000F811A2 /* ExampleGoogleAdmobUITestsLaunchTests.swift */; };
		D2F165C92BA1788E00F811A2 /* Constant.swift in Sources */ = {isa = PBXBuildFile; fileRef = D2F165C82BA1788E00F811A2 /* Constant.swift */; };
		F46F4750E55152ACF2E7738E /* Pods_ExampleGoogleAdmob.framework in Frameworks */ = {isa = PBXBuildFile; fileRef = 5BE582449457960511D25891 /* Pods_ExampleGoogleAdmob.framework */; };
/* End PBXBuildFile section */

/* Begin PBXContainerItemProxy section */
		D2F165AC2BA1750000F811A2 /* PBXContainerItemProxy */ = {
			isa = PBXContainerItemProxy;
			containerPortal = D2F1658D2BA174F100F811A2 /* Project object */;
			proxyType = 1;
			remoteGlobalIDString = D2F165942BA174F100F811A2;
			remoteInfo = ExampleGoogleAdmob;
		};
		D2F165B62BA1750000F811A2 /* PBXContainerItemProxy */ = {
			isa = PBXContainerItemProxy;
			containerPortal = D2F1658D2BA174F100F811A2 /* Project object */;
			proxyType = 1;
			remoteGlobalIDString = D2F165942BA174F100F811A2;
			remoteInfo = ExampleGoogleAdmob;
		};
/* End PBXContainerItemProxy section */

/* Begin PBXFileReference section */
		040C55C4057284724401E21F /* Pods-ExampleGoogleAdmob.debug.xcconfig */ = {isa = PBXFileReference; includeInIndex = 1; lastKnownFileType = text.xcconfig; name = "Pods-ExampleGoogleAdmob.debug.xcconfig"; path = "Target Support Files/Pods-ExampleGoogleAdmob/Pods-ExampleGoogleAdmob.debug.xcconfig"; sourceTree = "<group>"; };
		0E4D500D63A45728004D9D67 /* Pods-ExampleGoogleAdmob.release.xcconfig */ = {isa = PBXFileReference; includeInIndex = 1; lastKnownFileType = text.xcconfig; name = "Pods-ExampleGoogleAdmob.release.xcconfig"; path = "Target Support Files/Pods-ExampleGoogleAdmob/Pods-ExampleGoogleAdmob.release.xcconfig"; sourceTree = "<group>"; };
		4090DC980F968636F8AD5BA6 /* Pods-ExampleGoogleAdmob-ExampleGoogleAdmobUITests.release.xcconfig */ = {isa = PBXFileReference; includeInIndex = 1; lastKnownFileType = text.xcconfig; name = "Pods-ExampleGoogleAdmob-ExampleGoogleAdmobUITests.release.xcconfig"; path = "Target Support Files/Pods-ExampleGoogleAdmob-ExampleGoogleAdmobUITests/Pods-ExampleGoogleAdmob-ExampleGoogleAdmobUITests.release.xcconfig"; sourceTree = "<group>"; };
		5BE582449457960511D25891 /* Pods_ExampleGoogleAdmob.framework */ = {isa = PBXFileReference; explicitFileType = wrapper.framework; includeInIndex = 0; path = Pods_ExampleGoogleAdmob.framework; sourceTree = BUILT_PRODUCTS_DIR; };
		6217041F61185F910A2EBEE9 /* Pods_ExampleGoogleAdmobTests.framework */ = {isa = PBXFileReference; explicitFileType = wrapper.framework; includeInIndex = 0; path = Pods_ExampleGoogleAdmobTests.framework; sourceTree = BUILT_PRODUCTS_DIR; };
		7C0E7EEC12BDC6884B1EBEF2 /* Pods_ExampleGoogleAdmob_ExampleGoogleAdmobUITests.framework */ = {isa = PBXFileReference; explicitFileType = wrapper.framework; includeInIndex = 0; path = Pods_ExampleGoogleAdmob_ExampleGoogleAdmobUITests.framework; sourceTree = BUILT_PRODUCTS_DIR; };
		8DE6923E5F0C1ADE5A8693B5 /* Pods-ExampleGoogleAdmobTests.release.xcconfig */ = {isa = PBXFileReference; includeInIndex = 1; lastKnownFileType = text.xcconfig; name = "Pods-ExampleGoogleAdmobTests.release.xcconfig"; path = "Target Support Files/Pods-ExampleGoogleAdmobTests/Pods-ExampleGoogleAdmobTests.release.xcconfig"; sourceTree = "<group>"; };
		A00BCBF64DF6C2B7426833F3 /* Pods-ExampleGoogleAdmob-ExampleGoogleAdmobUITests.debug.xcconfig */ = {isa = PBXFileReference; includeInIndex = 1; lastKnownFileType = text.xcconfig; name = "Pods-ExampleGoogleAdmob-ExampleGoogleAdmobUITests.debug.xcconfig"; path = "Target Support Files/Pods-ExampleGoogleAdmob-ExampleGoogleAdmobUITests/Pods-ExampleGoogleAdmob-ExampleGoogleAdmobUITests.debug.xcconfig"; sourceTree = "<group>"; };
		D2F165952BA174F100F811A2 /* ExampleGoogleAdmob.app */ = {isa = PBXFileReference; explicitFileType = wrapper.application; includeInIndex = 0; path = ExampleGoogleAdmob.app; sourceTree = BUILT_PRODUCTS_DIR; };
		D2F165982BA174F100F811A2 /* AppDelegate.swift */ = {isa = PBXFileReference; lastKnownFileType = sourcecode.swift; path = AppDelegate.swift; sourceTree = "<group>"; };
		D2F1659A2BA174F100F811A2 /* SceneDelegate.swift */ = {isa = PBXFileReference; lastKnownFileType = sourcecode.swift; path = SceneDelegate.swift; sourceTree = "<group>"; };
		D2F1659C2BA174F100F811A2 /* ViewController.swift */ = {isa = PBXFileReference; lastKnownFileType = sourcecode.swift; path = ViewController.swift; sourceTree = "<group>"; };
		D2F1659F2BA174F100F811A2 /* Base */ = {isa = PBXFileReference; lastKnownFileType = file.storyboard; name = Base; path = Base.lproj/Main.storyboard; sourceTree = "<group>"; };
		D2F165A12BA1750000F811A2 /* Assets.xcassets */ = {isa = PBXFileReference; lastKnownFileType = folder.assetcatalog; path = Assets.xcassets; sourceTree = "<group>"; };
		D2F165A42BA1750000F811A2 /* Base */ = {isa = PBXFileReference; lastKnownFileType = file.storyboard; name = Base; path = Base.lproj/LaunchScreen.storyboard; sourceTree = "<group>"; };
		D2F165A62BA1750000F811A2 /* Info.plist */ = {isa = PBXFileReference; lastKnownFileType = text.plist.xml; path = Info.plist; sourceTree = "<group>"; };
		D2F165AB2BA1750000F811A2 /* ExampleGoogleAdmobTests.xctest */ = {isa = PBXFileReference; explicitFileType = wrapper.cfbundle; includeInIndex = 0; path = ExampleGoogleAdmobTests.xctest; sourceTree = BUILT_PRODUCTS_DIR; };
		D2F165AF2BA1750000F811A2 /* ExampleGoogleAdmobTests.swift */ = {isa = PBXFileReference; lastKnownFileType = sourcecode.swift; path = ExampleGoogleAdmobTests.swift; sourceTree = "<group>"; };
		D2F165B52BA1750000F811A2 /* ExampleGoogleAdmobUITests.xctest */ = {isa = PBXFileReference; explicitFileType = wrapper.cfbundle; includeInIndex = 0; path = ExampleGoogleAdmobUITests.xctest; sourceTree = BUILT_PRODUCTS_DIR; };
		D2F165B92BA1750000F811A2 /* ExampleGoogleAdmobUITests.swift */ = {isa = PBXFileReference; lastKnownFileType = sourcecode.swift; path = ExampleGoogleAdmobUITests.swift; sourceTree = "<group>"; };
		D2F165BB2BA1750000F811A2 /* ExampleGoogleAdmobUITestsLaunchTests.swift */ = {isa = PBXFileReference; lastKnownFileType = sourcecode.swift; path = ExampleGoogleAdmobUITestsLaunchTests.swift; sourceTree = "<group>"; };
		D2F165C82BA1788E00F811A2 /* Constant.swift */ = {isa = PBXFileReference; lastKnownFileType = sourcecode.swift; path = Constant.swift; sourceTree = "<group>"; };
		F8006202C9FBD7BACA6FCDBC /* Pods-ExampleGoogleAdmobTests.debug.xcconfig */ = {isa = PBXFileReference; includeInIndex = 1; lastKnownFileType = text.xcconfig; name = "Pods-ExampleGoogleAdmobTests.debug.xcconfig"; path = "Target Support Files/Pods-ExampleGoogleAdmobTests/Pods-ExampleGoogleAdmobTests.debug.xcconfig"; sourceTree = "<group>"; };
/* End PBXFileReference section */

/* Begin PBXFrameworksBuildPhase section */
		D2F165922BA174F100F811A2 /* Frameworks */ = {
			isa = PBXFrameworksBuildPhase;
			buildActionMask = 2147483647;
			files = (
				F46F4750E55152ACF2E7738E /* Pods_ExampleGoogleAdmob.framework in Frameworks */,
			);
			runOnlyForDeploymentPostprocessing = 0;
		};
		D2F165A82BA1750000F811A2 /* Frameworks */ = {
			isa = PBXFrameworksBuildPhase;
			buildActionMask = 2147483647;
			files = (
				53BB39F24C804BE2B7EDFB17 /* Pods_ExampleGoogleAdmobTests.framework in Frameworks */,
			);
			runOnlyForDeploymentPostprocessing = 0;
		};
		D2F165B22BA1750000F811A2 /* Frameworks */ = {
			isa = PBXFrameworksBuildPhase;
			buildActionMask = 2147483647;
			files = (
				82C2B6687B6CCD9388AD4626 /* Pods_ExampleGoogleAdmob_ExampleGoogleAdmobUITests.framework in Frameworks */,
			);
			runOnlyForDeploymentPostprocessing = 0;
		};
/* End PBXFrameworksBuildPhase section */

/* Begin PBXGroup section */
		9F734C3F6080353EA7B3FDC6 /* Frameworks */ = {
			isa = PBXGroup;
			children = (
				5BE582449457960511D25891 /* Pods_ExampleGoogleAdmob.framework */,
				7C0E7EEC12BDC6884B1EBEF2 /* Pods_ExampleGoogleAdmob_ExampleGoogleAdmobUITests.framework */,
				6217041F61185F910A2EBEE9 /* Pods_ExampleGoogleAdmobTests.framework */,
			);
			name = Frameworks;
			sourceTree = "<group>";
		};
		B89BC0C1BA45C8F27D24E475 /* Pods */ = {
			isa = PBXGroup;
			children = (
				040C55C4057284724401E21F /* Pods-ExampleGoogleAdmob.debug.xcconfig */,
				0E4D500D63A45728004D9D67 /* Pods-ExampleGoogleAdmob.release.xcconfig */,
				A00BCBF64DF6C2B7426833F3 /* Pods-ExampleGoogleAdmob-ExampleGoogleAdmobUITests.debug.xcconfig */,
				4090DC980F968636F8AD5BA6 /* Pods-ExampleGoogleAdmob-ExampleGoogleAdmobUITests.release.xcconfig */,
				F8006202C9FBD7BACA6FCDBC /* Pods-ExampleGoogleAdmobTests.debug.xcconfig */,
				8DE6923E5F0C1ADE5A8693B5 /* Pods-ExampleGoogleAdmobTests.release.xcconfig */,
			);
			path = Pods;
			sourceTree = "<group>";
		};
		D2F1658C2BA174F100F811A2 = {
			isa = PBXGroup;
			children = (
				D2F165972BA174F100F811A2 /* ExampleGoogleAdmob */,
				D2F165AE2BA1750000F811A2 /* ExampleGoogleAdmobTests */,
				D2F165B82BA1750000F811A2 /* ExampleGoogleAdmobUITests */,
				D2F165962BA174F100F811A2 /* Products */,
				B89BC0C1BA45C8F27D24E475 /* Pods */,
				9F734C3F6080353EA7B3FDC6 /* Frameworks */,
			);
			sourceTree = "<group>";
		};
		D2F165962BA174F100F811A2 /* Products */ = {
			isa = PBXGroup;
			children = (
				D2F165952BA174F100F811A2 /* ExampleGoogleAdmob.app */,
				D2F165AB2BA1750000F811A2 /* ExampleGoogleAdmobTests.xctest */,
				D2F165B52BA1750000F811A2 /* ExampleGoogleAdmobUITests.xctest */,
			);
			name = Products;
			sourceTree = "<group>";
		};
		D2F165972BA174F100F811A2 /* ExampleGoogleAdmob */ = {
			isa = PBXGroup;
			children = (
				D2F165982BA174F100F811A2 /* AppDelegate.swift */,
				D2F1659A2BA174F100F811A2 /* SceneDelegate.swift */,
				D2F165C82BA1788E00F811A2 /* Constant.swift */,
				D2F1659C2BA174F100F811A2 /* ViewController.swift */,
				D2F1659E2BA174F100F811A2 /* Main.storyboard */,
				D2F165A12BA1750000F811A2 /* Assets.xcassets */,
				D2F165A32BA1750000F811A2 /* LaunchScreen.storyboard */,
				D2F165A62BA1750000F811A2 /* Info.plist */,
			);
			path = ExampleGoogleAdmob;
			sourceTree = "<group>";
		};
		D2F165AE2BA1750000F811A2 /* ExampleGoogleAdmobTests */ = {
			isa = PBXGroup;
			children = (
				D2F165AF2BA1750000F811A2 /* ExampleGoogleAdmobTests.swift */,
			);
			path = ExampleGoogleAdmobTests;
			sourceTree = "<group>";
		};
		D2F165B82BA1750000F811A2 /* ExampleGoogleAdmobUITests */ = {
			isa = PBXGroup;
			children = (
				D2F165B92BA1750000F811A2 /* ExampleGoogleAdmobUITests.swift */,
				D2F165BB2BA1750000F811A2 /* ExampleGoogleAdmobUITestsLaunchTests.swift */,
			);
			path = ExampleGoogleAdmobUITests;
			sourceTree = "<group>";
		};
/* End PBXGroup section */

/* Begin PBXNativeTarget section */
		D2F165942BA174F100F811A2 /* ExampleGoogleAdmob */ = {
			isa = PBXNativeTarget;
			buildConfigurationList = D2F165BF2BA1750000F811A2 /* Build configuration list for PBXNativeTarget "ExampleGoogleAdmob" */;
			buildPhases = (
				3ECF1A72217C0F0C7D75EE9B /* [CP] Check Pods Manifest.lock */,
				D2F165912BA174F100F811A2 /* Sources */,
				D2F165922BA174F100F811A2 /* Frameworks */,
				D2F165932BA174F100F811A2 /* Resources */,
				7A96BBD1F2B29A515886F5BA /* [CP] Embed Pods Frameworks */,
			);
			buildRules = (
			);
			dependencies = (
			);
			name = ExampleGoogleAdmob;
			productName = ExampleGoogleAdmob;
			productReference = D2F165952BA174F100F811A2 /* ExampleGoogleAdmob.app */;
			productType = "com.apple.product-type.application";
		};
		D2F165AA2BA1750000F811A2 /* ExampleGoogleAdmobTests */ = {
			isa = PBXNativeTarget;
			buildConfigurationList = D2F165C22BA1750000F811A2 /* Build configuration list for PBXNativeTarget "ExampleGoogleAdmobTests" */;
			buildPhases = (
				92566B322944D0AD8E4E7BE1 /* [CP] Check Pods Manifest.lock */,
				D2F165A72BA1750000F811A2 /* Sources */,
				D2F165A82BA1750000F811A2 /* Frameworks */,
				D2F165A92BA1750000F811A2 /* Resources */,
			);
			buildRules = (
			);
			dependencies = (
				D2F165AD2BA1750000F811A2 /* PBXTargetDependency */,
			);
			name = ExampleGoogleAdmobTests;
			productName = ExampleGoogleAdmobTests;
			productReference = D2F165AB2BA1750000F811A2 /* ExampleGoogleAdmobTests.xctest */;
			productType = "com.apple.product-type.bundle.unit-test";
		};
		D2F165B42BA1750000F811A2 /* ExampleGoogleAdmobUITests */ = {
			isa = PBXNativeTarget;
			buildConfigurationList = D2F165C52BA1750000F811A2 /* Build configuration list for PBXNativeTarget "ExampleGoogleAdmobUITests" */;
			buildPhases = (
				AA5F800314208F0C246EB14A /* [CP] Check Pods Manifest.lock */,
				D2F165B12BA1750000F811A2 /* Sources */,
				D2F165B22BA1750000F811A2 /* Frameworks */,
				D2F165B32BA1750000F811A2 /* Resources */,
				FA3DAD7392FC543A0B8949F4 /* [CP] Embed Pods Frameworks */,
			);
			buildRules = (
			);
			dependencies = (
				D2F165B72BA1750000F811A2 /* PBXTargetDependency */,
			);
			name = ExampleGoogleAdmobUITests;
			productName = ExampleGoogleAdmobUITests;
			productReference = D2F165B52BA1750000F811A2 /* ExampleGoogleAdmobUITests.xctest */;
			productType = "com.apple.product-type.bundle.ui-testing";
		};
/* End PBXNativeTarget section */

/* Begin PBXProject section */
		D2F1658D2BA174F100F811A2 /* Project object */ = {
			isa = PBXProject;
			attributes = {
				BuildIndependentTargetsInParallel = 1;
				LastSwiftUpdateCheck = 1500;
				LastUpgradeCheck = 1500;
				TargetAttributes = {
					D2F165942BA174F100F811A2 = {
						CreatedOnToolsVersion = 15.0.1;
					};
					D2F165AA2BA1750000F811A2 = {
						CreatedOnToolsVersion = 15.0.1;
						TestTargetID = D2F165942BA174F100F811A2;
					};
					D2F165B42BA1750000F811A2 = {
						CreatedOnToolsVersion = 15.0.1;
						TestTargetID = D2F165942BA174F100F811A2;
					};
				};
			};
			buildConfigurationList = D2F165902BA174F100F811A2 /* Build configuration list for PBXProject "ExampleGoogleAdmob" */;
			compatibilityVersion = "Xcode 14.0";
			developmentRegion = en;
			hasScannedForEncodings = 0;
			knownRegions = (
				en,
				Base,
			);
			mainGroup = D2F1658C2BA174F100F811A2;
			productRefGroup = D2F165962BA174F100F811A2 /* Products */;
			projectDirPath = "";
			projectRoot = "";
			targets = (
				D2F165942BA174F100F811A2 /* ExampleGoogleAdmob */,
				D2F165AA2BA1750000F811A2 /* ExampleGoogleAdmobTests */,
				D2F165B42BA1750000F811A2 /* ExampleGoogleAdmobUITests */,
			);
		};
/* End PBXProject section */

/* Begin PBXResourcesBuildPhase section */
		D2F165932BA174F100F811A2 /* Resources */ = {
			isa = PBXResourcesBuildPhase;
			buildActionMask = 2147483647;
			files = (
				D2F165A52BA1750000F811A2 /* LaunchScreen.storyboard in Resources */,
				D2F165A22BA1750000F811A2 /* Assets.xcassets in Resources */,
				D2F165A02BA174F100F811A2 /* Main.storyboard in Resources */,
			);
			runOnlyForDeploymentPostprocessing = 0;
		};
		D2F165A92BA1750000F811A2 /* Resources */ = {
			isa = PBXResourcesBuildPhase;
			buildActionMask = 2147483647;
			files = (
			);
			runOnlyForDeploymentPostprocessing = 0;
		};
		D2F165B32BA1750000F811A2 /* Resources */ = {
			isa = PBXResourcesBuildPhase;
			buildActionMask = 2147483647;
			files = (
			);
			runOnlyForDeploymentPostprocessing = 0;
		};
/* End PBXResourcesBuildPhase section */

/* Begin PBXShellScriptBuildPhase section */
		3ECF1A72217C0F0C7D75EE9B /* [CP] Check Pods Manifest.lock */ = {
			isa = PBXShellScriptBuildPhase;
			buildActionMask = 2147483647;
			files = (
			);
			inputFileListPaths = (
			);
			inputPaths = (
				"${PODS_PODFILE_DIR_PATH}/Podfile.lock",
				"${PODS_ROOT}/Manifest.lock",
			);
			name = "[CP] Check Pods Manifest.lock";
			outputFileListPaths = (
			);
			outputPaths = (
				"$(DERIVED_FILE_DIR)/Pods-ExampleGoogleAdmob-checkManifestLockResult.txt",
			);
			runOnlyForDeploymentPostprocessing = 0;
			shellPath = /bin/sh;
			shellScript = "diff \"${PODS_PODFILE_DIR_PATH}/Podfile.lock\" \"${PODS_ROOT}/Manifest.lock\" > /dev/null\nif [ $? != 0 ] ; then\n    # print error to STDERR\n    echo \"error: The sandbox is not in sync with the Podfile.lock. Run 'pod install' or update your CocoaPods installation.\" >&2\n    exit 1\nfi\n# This output is used by Xcode 'outputs' to avoid re-running this script phase.\necho \"SUCCESS\" > \"${SCRIPT_OUTPUT_FILE_0}\"\n";
			showEnvVarsInLog = 0;
		};
		7A96BBD1F2B29A515886F5BA /* [CP] Embed Pods Frameworks */ = {
			isa = PBXShellScriptBuildPhase;
			buildActionMask = 2147483647;
			files = (
			);
			inputFileListPaths = (
				"${PODS_ROOT}/Target Support Files/Pods-ExampleGoogleAdmob/Pods-ExampleGoogleAdmob-frameworks-${CONFIGURATION}-input-files.xcfilelist",
			);
			name = "[CP] Embed Pods Frameworks";
			outputFileListPaths = (
				"${PODS_ROOT}/Target Support Files/Pods-ExampleGoogleAdmob/Pods-ExampleGoogleAdmob-frameworks-${CONFIGURATION}-output-files.xcfilelist",
			);
			runOnlyForDeploymentPostprocessing = 0;
			shellPath = /bin/sh;
			shellScript = "\"${PODS_ROOT}/Target Support Files/Pods-ExampleGoogleAdmob/Pods-ExampleGoogleAdmob-frameworks.sh\"\n";
			showEnvVarsInLog = 0;
		};
		92566B322944D0AD8E4E7BE1 /* [CP] Check Pods Manifest.lock */ = {
			isa = PBXShellScriptBuildPhase;
			buildActionMask = 2147483647;
			files = (
			);
			inputFileListPaths = (
			);
			inputPaths = (
				"${PODS_PODFILE_DIR_PATH}/Podfile.lock",
				"${PODS_ROOT}/Manifest.lock",
			);
			name = "[CP] Check Pods Manifest.lock";
			outputFileListPaths = (
			);
			outputPaths = (
				"$(DERIVED_FILE_DIR)/Pods-ExampleGoogleAdmobTests-checkManifestLockResult.txt",
			);
			runOnlyForDeploymentPostprocessing = 0;
			shellPath = /bin/sh;
			shellScript = "diff \"${PODS_PODFILE_DIR_PATH}/Podfile.lock\" \"${PODS_ROOT}/Manifest.lock\" > /dev/null\nif [ $? != 0 ] ; then\n    # print error to STDERR\n    echo \"error: The sandbox is not in sync with the Podfile.lock. Run 'pod install' or update your CocoaPods installation.\" >&2\n    exit 1\nfi\n# This output is used by Xcode 'outputs' to avoid re-running this script phase.\necho \"SUCCESS\" > \"${SCRIPT_OUTPUT_FILE_0}\"\n";
			showEnvVarsInLog = 0;
		};
		AA5F800314208F0C246EB14A /* [CP] Check Pods Manifest.lock */ = {
			isa = PBXShellScriptBuildPhase;
			buildActionMask = 2147483647;
			files = (
			);
			inputFileListPaths = (
			);
			inputPaths = (
				"${PODS_PODFILE_DIR_PATH}/Podfile.lock",
				"${PODS_ROOT}/Manifest.lock",
			);
			name = "[CP] Check Pods Manifest.lock";
			outputFileListPaths = (
			);
			outputPaths = (
				"$(DERIVED_FILE_DIR)/Pods-ExampleGoogleAdmob-ExampleGoogleAdmobUITests-checkManifestLockResult.txt",
			);
			runOnlyForDeploymentPostprocessing = 0;
			shellPath = /bin/sh;
			shellScript = "diff \"${PODS_PODFILE_DIR_PATH}/Podfile.lock\" \"${PODS_ROOT}/Manifest.lock\" > /dev/null\nif [ $? != 0 ] ; then\n    # print error to STDERR\n    echo \"error: The sandbox is not in sync with the Podfile.lock. Run 'pod install' or update your CocoaPods installation.\" >&2\n    exit 1\nfi\n# This output is used by Xcode 'outputs' to avoid re-running this script phase.\necho \"SUCCESS\" > \"${SCRIPT_OUTPUT_FILE_0}\"\n";
			showEnvVarsInLog = 0;
		};
		FA3DAD7392FC543A0B8949F4 /* [CP] Embed Pods Frameworks */ = {
			isa = PBXShellScriptBuildPhase;
			buildActionMask = 2147483647;
			files = (
			);
			inputFileListPaths = (
				"${PODS_ROOT}/Target Support Files/Pods-ExampleGoogleAdmob-ExampleGoogleAdmobUITests/Pods-ExampleGoogleAdmob-ExampleGoogleAdmobUITests-frameworks-${CONFIGURATION}-input-files.xcfilelist",
			);
			name = "[CP] Embed Pods Frameworks";
			outputFileListPaths = (
				"${PODS_ROOT}/Target Support Files/Pods-ExampleGoogleAdmob-ExampleGoogleAdmobUITests/Pods-ExampleGoogleAdmob-ExampleGoogleAdmobUITests-frameworks-${CONFIGURATION}-output-files.xcfilelist",
			);
			runOnlyForDeploymentPostprocessing = 0;
			shellPath = /bin/sh;
			shellScript = "\"${PODS_ROOT}/Target Support Files/Pods-ExampleGoogleAdmob-ExampleGoogleAdmobUITests/Pods-ExampleGoogleAdmob-ExampleGoogleAdmobUITests-frameworks.sh\"\n";
			showEnvVarsInLog = 0;
		};
/* End PBXShellScriptBuildPhase section */

/* Begin PBXSourcesBuildPhase section */
		D2F165912BA174F100F811A2 /* Sources */ = {
			isa = PBXSourcesBuildPhase;
			buildActionMask = 2147483647;
			files = (
				D2F1659D2BA174F100F811A2 /* ViewController.swift in Sources */,
				D2F165992BA174F100F811A2 /* AppDelegate.swift in Sources */,
				D2F1659B2BA174F100F811A2 /* SceneDelegate.swift in Sources */,
				D2F165C92BA1788E00F811A2 /* Constant.swift in Sources */,
			);
			runOnlyForDeploymentPostprocessing = 0;
		};
		D2F165A72BA1750000F811A2 /* Sources */ = {
			isa = PBXSourcesBuildPhase;
			buildActionMask = 2147483647;
			files = (
				D2F165B02BA1750000F811A2 /* ExampleGoogleAdmobTests.swift in Sources */,
			);
			runOnlyForDeploymentPostprocessing = 0;
		};
		D2F165B12BA1750000F811A2 /* Sources */ = {
			isa = PBXSourcesBuildPhase;
			buildActionMask = 2147483647;
			files = (
				D2F165BC2BA1750000F811A2 /* ExampleGoogleAdmobUITestsLaunchTests.swift in Sources */,
				D2F165BA2BA1750000F811A2 /* ExampleGoogleAdmobUITests.swift in Sources */,
			);
			runOnlyForDeploymentPostprocessing = 0;
		};
/* End PBXSourcesBuildPhase section */

/* Begin PBXTargetDependency section */
		D2F165AD2BA1750000F811A2 /* PBXTargetDependency */ = {
			isa = PBXTargetDependency;
			target = D2F165942BA174F100F811A2 /* ExampleGoogleAdmob */;
			targetProxy = D2F165AC2BA1750000F811A2 /* PBXContainerItemProxy */;
		};
		D2F165B72BA1750000F811A2 /* PBXTargetDependency */ = {
			isa = PBXTargetDependency;
			target = D2F165942BA174F100F811A2 /* ExampleGoogleAdmob */;
			targetProxy = D2F165B62BA1750000F811A2 /* PBXContainerItemProxy */;
		};
/* End PBXTargetDependency section */

/* Begin PBXVariantGroup section */
		D2F1659E2BA174F100F811A2 /* Main.storyboard */ = {
			isa = PBXVariantGroup;
			children = (
				D2F1659F2BA174F100F811A2 /* Base */,
			);
			name = Main.storyboard;
			sourceTree = "<group>";
		};
		D2F165A32BA1750000F811A2 /* LaunchScreen.storyboard */ = {
			isa = PBXVariantGroup;
			children = (
				D2F165A42BA1750000F811A2 /* Base */,
			);
			name = LaunchScreen.storyboard;
			sourceTree = "<group>";
		};
/* End PBXVariantGroup section */

/* Begin XCBuildConfiguration section */
		D2F165BD2BA1750000F811A2 /* Debug */ = {
			isa = XCBuildConfiguration;
			buildSettings = {
				ALWAYS_SEARCH_USER_PATHS = NO;
				ASSETCATALOG_COMPILER_GENERATE_SWIFT_ASSET_SYMBOL_EXTENSIONS = YES;
				CLANG_ANALYZER_NONNULL = YES;
				CLANG_ANALYZER_NUMBER_OBJECT_CONVERSION = YES_AGGRESSIVE;
				CLANG_CXX_LANGUAGE_STANDARD = "gnu++20";
				CLANG_ENABLE_MODULES = YES;
				CLANG_ENABLE_OBJC_ARC = YES;
				CLANG_ENABLE_OBJC_WEAK = YES;
				CLANG_WARN_BLOCK_CAPTURE_AUTORELEASING = YES;
				CLANG_WARN_BOOL_CONVERSION = YES;
				CLANG_WARN_COMMA = YES;
				CLANG_WARN_CONSTANT_CONVERSION = YES;
				CLANG_WARN_DEPRECATED_OBJC_IMPLEMENTATIONS = YES;
				CLANG_WARN_DIRECT_OBJC_ISA_USAGE = YES_ERROR;
				CLANG_WARN_DOCUMENTATION_COMMENTS = YES;
				CLANG_WARN_EMPTY_BODY = YES;
				CLANG_WARN_ENUM_CONVERSION = YES;
				CLANG_WARN_INFINITE_RECURSION = YES;
				CLANG_WARN_INT_CONVERSION = YES;
				CLANG_WARN_NON_LITERAL_NULL_CONVERSION = YES;
				CLANG_WARN_OBJC_IMPLICIT_RETAIN_SELF = YES;
				CLANG_WARN_OBJC_LITERAL_CONVERSION = YES;
				CLANG_WARN_OBJC_ROOT_CLASS = YES_ERROR;
				CLANG_WARN_QUOTED_INCLUDE_IN_FRAMEWORK_HEADER = YES;
				CLANG_WARN_RANGE_LOOP_ANALYSIS = YES;
				CLANG_WARN_STRICT_PROTOTYPES = YES;
				CLANG_WARN_SUSPICIOUS_MOVE = YES;
				CLANG_WARN_UNGUARDED_AVAILABILITY = YES_AGGRESSIVE;
				CLANG_WARN_UNREACHABLE_CODE = YES;
				CLANG_WARN__DUPLICATE_METHOD_MATCH = YES;
				COPY_PHASE_STRIP = NO;
				DEBUG_INFORMATION_FORMAT = dwarf;
				ENABLE_STRICT_OBJC_MSGSEND = YES;
				ENABLE_TESTABILITY = YES;
				ENABLE_USER_SCRIPT_SANDBOXING = YES;
				GCC_C_LANGUAGE_STANDARD = gnu17;
				GCC_DYNAMIC_NO_PIC = NO;
				GCC_NO_COMMON_BLOCKS = YES;
				GCC_OPTIMIZATION_LEVEL = 0;
				GCC_PREPROCESSOR_DEFINITIONS = (
					"DEBUG=1",
					"$(inherited)",
				);
				GCC_WARN_64_TO_32_BIT_CONVERSION = YES;
				GCC_WARN_ABOUT_RETURN_TYPE = YES_ERROR;
				GCC_WARN_UNDECLARED_SELECTOR = YES;
				GCC_WARN_UNINITIALIZED_AUTOS = YES_AGGRESSIVE;
				GCC_WARN_UNUSED_FUNCTION = YES;
				GCC_WARN_UNUSED_VARIABLE = YES;
				IPHONEOS_DEPLOYMENT_TARGET = 17.0;
				LOCALIZATION_PREFERS_STRING_CATALOGS = YES;
				MTL_ENABLE_DEBUG_INFO = INCLUDE_SOURCE;
				MTL_FAST_MATH = YES;
				ONLY_ACTIVE_ARCH = YES;
				SDKROOT = iphoneos;
				SWIFT_ACTIVE_COMPILATION_CONDITIONS = "DEBUG $(inherited)";
				SWIFT_OPTIMIZATION_LEVEL = "-Onone";
			};
			name = Debug;
		};
		D2F165BE2BA1750000F811A2 /* Release */ = {
			isa = XCBuildConfiguration;
			buildSettings = {
				ALWAYS_SEARCH_USER_PATHS = NO;
				ASSETCATALOG_COMPILER_GENERATE_SWIFT_ASSET_SYMBOL_EXTENSIONS = YES;
				CLANG_ANALYZER_NONNULL = YES;
				CLANG_ANALYZER_NUMBER_OBJECT_CONVERSION = YES_AGGRESSIVE;
				CLANG_CXX_LANGUAGE_STANDARD = "gnu++20";
				CLANG_ENABLE_MODULES = YES;
				CLANG_ENABLE_OBJC_ARC = YES;
				CLANG_ENABLE_OBJC_WEAK = YES;
				CLANG_WARN_BLOCK_CAPTURE_AUTORELEASING = YES;
				CLANG_WARN_BOOL_CONVERSION = YES;
				CLANG_WARN_COMMA = YES;
				CLANG_WARN_CONSTANT_CONVERSION = YES;
				CLANG_WARN_DEPRECATED_OBJC_IMPLEMENTATIONS = YES;
				CLANG_WARN_DIRECT_OBJC_ISA_USAGE = YES_ERROR;
				CLANG_WARN_DOCUMENTATION_COMMENTS = YES;
				CLANG_WARN_EMPTY_BODY = YES;
				CLANG_WARN_ENUM_CONVERSION = YES;
				CLANG_WARN_INFINITE_RECURSION = YES;
				CLANG_WARN_INT_CONVERSION = YES;
				CLANG_WARN_NON_LITERAL_NULL_CONVERSION = YES;
				CLANG_WARN_OBJC_IMPLICIT_RETAIN_SELF = YES;
				CLANG_WARN_OBJC_LITERAL_CONVERSION = YES;
				CLANG_WARN_OBJC_ROOT_CLASS = YES_ERROR;
				CLANG_WARN_QUOTED_INCLUDE_IN_FRAMEWORK_HEADER = YES;
				CLANG_WARN_RANGE_LOOP_ANALYSIS = YES;
				CLANG_WARN_STRICT_PROTOTYPES = YES;
				CLANG_WARN_SUSPICIOUS_MOVE = YES;
				CLANG_WARN_UNGUARDED_AVAILABILITY = YES_AGGRESSIVE;
				CLANG_WARN_UNREACHABLE_CODE = YES;
				CLANG_WARN__DUPLICATE_METHOD_MATCH = YES;
				COPY_PHASE_STRIP = NO;
				DEBUG_INFORMATION_FORMAT = "dwarf-with-dsym";
				ENABLE_NS_ASSERTIONS = NO;
				ENABLE_STRICT_OBJC_MSGSEND = YES;
				ENABLE_USER_SCRIPT_SANDBOXING = YES;
				GCC_C_LANGUAGE_STANDARD = gnu17;
				GCC_NO_COMMON_BLOCKS = YES;
				GCC_WARN_64_TO_32_BIT_CONVERSION = YES;
				GCC_WARN_ABOUT_RETURN_TYPE = YES_ERROR;
				GCC_WARN_UNDECLARED_SELECTOR = YES;
				GCC_WARN_UNINITIALIZED_AUTOS = YES_AGGRESSIVE;
				GCC_WARN_UNUSED_FUNCTION = YES;
				GCC_WARN_UNUSED_VARIABLE = YES;
				IPHONEOS_DEPLOYMENT_TARGET = 17.0;
				LOCALIZATION_PREFERS_STRING_CATALOGS = YES;
				MTL_ENABLE_DEBUG_INFO = NO;
				MTL_FAST_MATH = YES;
				SDKROOT = iphoneos;
				SWIFT_COMPILATION_MODE = wholemodule;
				VALIDATE_PRODUCT = YES;
			};
			name = Release;
		};
		D2F165C02BA1750000F811A2 /* Debug */ = {
			isa = XCBuildConfiguration;
			baseConfigurationReference = 040C55C4057284724401E21F /* Pods-ExampleGoogleAdmob.debug.xcconfig */;
			buildSettings = {
				ASSETCATALOG_COMPILER_APPICON_NAME = AppIcon;
				ASSETCATALOG_COMPILER_GLOBAL_ACCENT_COLOR_NAME = AccentColor;
				CODE_SIGN_STYLE = Automatic;
				CURRENT_PROJECT_VERSION = 1;
				DEVELOPMENT_TEAM = Y9WR52N5H5;
				ENABLE_USER_SCRIPT_SANDBOXING = NO;
				GENERATE_INFOPLIST_FILE = YES;
				INFOPLIST_FILE = ExampleGoogleAdmob/Info.plist;
				INFOPLIST_KEY_UIApplicationSupportsIndirectInputEvents = YES;
				INFOPLIST_KEY_UILaunchStoryboardName = LaunchScreen;
				INFOPLIST_KEY_UIMainStoryboardFile = Main;
				INFOPLIST_KEY_UISupportedInterfaceOrientations_iPad = "UIInterfaceOrientationPortrait UIInterfaceOrientationPortraitUpsideDown UIInterfaceOrientationLandscapeLeft UIInterfaceOrientationLandscapeRight";
				INFOPLIST_KEY_UISupportedInterfaceOrientations_iPhone = "UIInterfaceOrientationPortrait UIInterfaceOrientationLandscapeLeft UIInterfaceOrientationLandscapeRight";
				LD_RUNPATH_SEARCH_PATHS = (
					"$(inherited)",
					"@executable_path/Frameworks",
				);
				MARKETING_VERSION = 1.0;
				PRODUCT_BUNDLE_IDENTIFIER = com.hwangjaehyeon.ExampleGoogleAdmob;
				PRODUCT_NAME = "$(TARGET_NAME)";
				SWIFT_EMIT_LOC_STRINGS = YES;
				SWIFT_VERSION = 5.0;
				TARGETED_DEVICE_FAMILY = "1,2";
			};
			name = Debug;
		};
		D2F165C12BA1750000F811A2 /* Release */ = {
			isa = XCBuildConfiguration;
			baseConfigurationReference = 0E4D500D63A45728004D9D67 /* Pods-ExampleGoogleAdmob.release.xcconfig */;
			buildSettings = {
				ASSETCATALOG_COMPILER_APPICON_NAME = AppIcon;
				ASSETCATALOG_COMPILER_GLOBAL_ACCENT_COLOR_NAME = AccentColor;
				CODE_SIGN_STYLE = Automatic;
				CURRENT_PROJECT_VERSION = 1;
				DEVELOPMENT_TEAM = Y9WR52N5H5;
				ENABLE_USER_SCRIPT_SANDBOXING = NO;
				GENERATE_INFOPLIST_FILE = YES;
				INFOPLIST_FILE = ExampleGoogleAdmob/Info.plist;
				INFOPLIST_KEY_UIApplicationSupportsIndirectInputEvents = YES;
				INFOPLIST_KEY_UILaunchStoryboardName = LaunchScreen;
				INFOPLIST_KEY_UIMainStoryboardFile = Main;
				INFOPLIST_KEY_UISupportedInterfaceOrientations_iPad = "UIInterfaceOrientationPortrait UIInterfaceOrientationPortraitUpsideDown UIInterfaceOrientationLandscapeLeft UIInterfaceOrientationLandscapeRight";
				INFOPLIST_KEY_UISupportedInterfaceOrientations_iPhone = "UIInterfaceOrientationPortrait UIInterfaceOrientationLandscapeLeft UIInterfaceOrientationLandscapeRight";
				LD_RUNPATH_SEARCH_PATHS = (
					"$(inherited)",
					"@executable_path/Frameworks",
				);
				MARKETING_VERSION = 1.0;
				PRODUCT_BUNDLE_IDENTIFIER = com.hwangjaehyeon.ExampleGoogleAdmob;
				PRODUCT_NAME = "$(TARGET_NAME)";
				SWIFT_EMIT_LOC_STRINGS = YES;
				SWIFT_VERSION = 5.0;
				TARGETED_DEVICE_FAMILY = "1,2";
			};
			name = Release;
		};
		D2F165C32BA1750000F811A2 /* Debug */ = {
			isa = XCBuildConfiguration;
			baseConfigurationReference = F8006202C9FBD7BACA6FCDBC /* Pods-ExampleGoogleAdmobTests.debug.xcconfig */;
			buildSettings = {
				ALWAYS_EMBED_SWIFT_STANDARD_LIBRARIES = YES;
				BUNDLE_LOADER = "$(TEST_HOST)";
				CODE_SIGN_STYLE = Automatic;
				CURRENT_PROJECT_VERSION = 1;
				DEVELOPMENT_TEAM = Y9WR52N5H5;
				GENERATE_INFOPLIST_FILE = YES;
				IPHONEOS_DEPLOYMENT_TARGET = 17.0;
				MARKETING_VERSION = 1.0;
				PRODUCT_BUNDLE_IDENTIFIER = com.hwangjaehyeon.ExampleGoogleAdmobTests;
				PRODUCT_NAME = "$(TARGET_NAME)";
				SWIFT_EMIT_LOC_STRINGS = NO;
				SWIFT_VERSION = 5.0;
				TARGETED_DEVICE_FAMILY = "1,2";
				TEST_HOST = "$(BUILT_PRODUCTS_DIR)/ExampleGoogleAdmob.app/$(BUNDLE_EXECUTABLE_FOLDER_PATH)/ExampleGoogleAdmob";
			};
			name = Debug;
		};
		D2F165C42BA1750000F811A2 /* Release */ = {
			isa = XCBuildConfiguration;
			baseConfigurationReference = 8DE6923E5F0C1ADE5A8693B5 /* Pods-ExampleGoogleAdmobTests.release.xcconfig */;
			buildSettings = {
				ALWAYS_EMBED_SWIFT_STANDARD_LIBRARIES = YES;
				BUNDLE_LOADER = "$(TEST_HOST)";
				CODE_SIGN_STYLE = Automatic;
				CURRENT_PROJECT_VERSION = 1;
				DEVELOPMENT_TEAM = Y9WR52N5H5;
				GENERATE_INFOPLIST_FILE = YES;
				IPHONEOS_DEPLOYMENT_TARGET = 17.0;
				MARKETING_VERSION = 1.0;
				PRODUCT_BUNDLE_IDENTIFIER = com.hwangjaehyeon.ExampleGoogleAdmobTests;
				PRODUCT_NAME = "$(TARGET_NAME)";
				SWIFT_EMIT_LOC_STRINGS = NO;
				SWIFT_VERSION = 5.0;
				TARGETED_DEVICE_FAMILY = "1,2";
				TEST_HOST = "$(BUILT_PRODUCTS_DIR)/ExampleGoogleAdmob.app/$(BUNDLE_EXECUTABLE_FOLDER_PATH)/ExampleGoogleAdmob";
			};
			name = Release;
		};
		D2F165C62BA1750000F811A2 /* Debug */ = {
			isa = XCBuildConfiguration;
			baseConfigurationReference = A00BCBF64DF6C2B7426833F3 /* Pods-ExampleGoogleAdmob-ExampleGoogleAdmobUITests.debug.xcconfig */;
			buildSettings = {
				ALWAYS_EMBED_SWIFT_STANDARD_LIBRARIES = YES;
				CODE_SIGN_STYLE = Automatic;
				CURRENT_PROJECT_VERSION = 1;
				DEVELOPMENT_TEAM = Y9WR52N5H5;
				GENERATE_INFOPLIST_FILE = YES;
				MARKETING_VERSION = 1.0;
				PRODUCT_BUNDLE_IDENTIFIER = com.hwangjaehyeon.ExampleGoogleAdmobUITests;
				PRODUCT_NAME = "$(TARGET_NAME)";
				SWIFT_EMIT_LOC_STRINGS = NO;
				SWIFT_VERSION = 5.0;
				TARGETED_DEVICE_FAMILY = "1,2";
				TEST_TARGET_NAME = ExampleGoogleAdmob;
			};
			name = Debug;
		};
		D2F165C72BA1750000F811A2 /* Release */ = {
			isa = XCBuildConfiguration;
			baseConfigurationReference = 4090DC980F968636F8AD5BA6 /* Pods-ExampleGoogleAdmob-ExampleGoogleAdmobUITests.release.xcconfig */;
			buildSettings = {
				ALWAYS_EMBED_SWIFT_STANDARD_LIBRARIES = YES;
				CODE_SIGN_STYLE = Automatic;
				CURRENT_PROJECT_VERSION = 1;
				DEVELOPMENT_TEAM = Y9WR52N5H5;
				GENERATE_INFOPLIST_FILE = YES;
				MARKETING_VERSION = 1.0;
				PRODUCT_BUNDLE_IDENTIFIER = com.hwangjaehyeon.ExampleGoogleAdmobUITests;
				PRODUCT_NAME = "$(TARGET_NAME)";
				SWIFT_EMIT_LOC_STRINGS = NO;
				SWIFT_VERSION = 5.0;
				TARGETED_DEVICE_FAMILY = "1,2";
				TEST_TARGET_NAME = ExampleGoogleAdmob;
			};
			name = Release;
		};
/* End XCBuildConfiguration section */

/* Begin XCConfigurationList section */
		D2F165902BA174F100F811A2 /* Build configuration list for PBXProject "ExampleGoogleAdmob" */ = {
			isa = XCConfigurationList;
			buildConfigurations = (
				D2F165BD2BA1750000F811A2 /* Debug */,
				D2F165BE2BA1750000F811A2 /* Release */,
			);
			defaultConfigurationIsVisible = 0;
			defaultConfigurationName = Release;
		};
		D2F165BF2BA1750000F811A2 /* Build configuration list for PBXNativeTarget "ExampleGoogleAdmob" */ = {
			isa = XCConfigurationList;
			buildConfigurations = (
				D2F165C02BA1750000F811A2 /* Debug */,
				D2F165C12BA1750000F811A2 /* Release */,
			);
			defaultConfigurationIsVisible = 0;
			defaultConfigurationName = Release;
		};
		D2F165C22BA1750000F811A2 /* Build configuration list for PBXNativeTarget "ExampleGoogleAdmobTests" */ = {
			isa = XCConfigurationList;
			buildConfigurations = (
				D2F165C32BA1750000F811A2 /* Debug */,
				D2F165C42BA1750000F811A2 /* Release */,
			);
			defaultConfigurationIsVisible = 0;
			defaultConfigurationName = Release;
		};
		D2F165C52BA1750000F811A2 /* Build configuration list for PBXNativeTarget "ExampleGoogleAdmobUITests" */ = {
			isa = XCConfigurationList;
			buildConfigurations = (
				D2F165C62BA1750000F811A2 /* Debug */,
				D2F165C72BA1750000F811A2 /* Release */,
			);
			defaultConfigurationIsVisible = 0;
			defaultConfigurationName = Release;
		};
/* End XCConfigurationList section */
	};
	rootObject = D2F1658D2BA174F100F811A2 /* Project object */;
}
